
Microsoft Visual Studio Solution File, Format Version 12.00
# Visual Studio Version 17
VisualStudioVersion = 17.14.35906.104 d17.14
MinimumVisualStudioVersion = 10.0.40219.1
Project("{FAE04EC0-301F-11D3-BF4B-00C04F79EFBC}") = "N10__YP__Task-3_10.04.2025", "N10__YP__Task-3_10.04.2025.csproj", "{464DE567-DD04-4E5B-8154-E4F88C573EAA}"
EndProject
Global
	GlobalSection(SolutionConfigurationPlatforms) = preSolution
		Debug|Any CPU = Debug|Any CPU
		Release|Any CPU = Release|Any CPU
	EndGlobalSection
	GlobalSection(ProjectConfigurationPlatforms) = postSolution
		{464DE567-DD04-4E5B-8154-E4F88C573EAA}.Debug|Any CPU.ActiveCfg = Debug|Any CPU
		{464DE567-DD04-4E5B-8154-E4F88C573EAA}.Debug|Any CPU.Build.0 = Debug|Any CPU
		{464DE567-DD04-4E5B-8154-E4F88C573EAA}.Release|Any CPU.ActiveCfg = Release|Any CPU
		{464DE567-DD04-4E5B-8154-E4F88C573EAA}.Release|Any CPU.Build.0 = Release|Any CPU
	EndGlobalSection
	GlobalSection(SolutionProperties) = preSolution
		HideSolutionNode = FALSE
	EndGlobalSection
	GlobalSection(ExtensibilityGlobals) = postSolution
		SolutionGuid = {E7A0ECA2-7181-43C6-B534-EA2CA7E388C5}
	EndGlobalSection
EndGlobal
